{
  "name": "fixture-consumer",
  "lockfileVersion": 3,
  "requires": true,
  "packages": {
    "": { "dependencies": { "@fixture/dependency": "1.2.3", "fixture-parent": "1.0.0" } },
    "packages/contracts": { "name": "@fixture/contracts", "version": "1.0.0" },
    "node_modules/@fixture/contracts": { "resolved": "packages/contracts", "link": true },
    "node_modules/@fixture/dependency": {
      "version": "1.2.3",
      "resolved": "https://registry.example/@fixture/dependency/-/dependency-1.2.3.tgz",
      "integrity": "sha512-fixture123"
    },
    "node_modules/fixture-parent": { "version": "1.0.0", "dependencies": { "@fixture/dependency": "2.0.0" } },
    "node_modules/fixture-parent/node_modules/@fixture/dependency": {
      "version": "2.0.0",
      "resolved": "https://registry.example/@fixture/dependency/-/dependency-2.0.0.tgz",
      "integrity": "sha512-fixture200"
    }
  }
}
